
Microsoft Visual Studio Solution File, Format Version 12.00
# Visual Studio Version 17
VisualStudioVersion = 17.13.35806.99
MinimumVisualStudioVersion = 10.0.40219.1
Project("{FAE04EC0-301F-11D3-BF4B-00C04F79EFBC}") = "Airport_Ticket_Booking", "Airport_Ticket_Booking\Airport_Ticket_Booking.csproj", "{484D5563-1ECD-447F-B883-2C054E581F87}"
EndProject
Project("{FAE04EC0-301F-11D3-BF4B-00C04F79EFBC}") = "Airport_Ticket_Booking.Tests", "Airport_Ticket_Booking.Tests\Airport_Ticket_Booking.Tests.csproj", "{2C822A28-1220-4288-92DC-2D0B321D87FD}"
EndProject
Global
	GlobalSection(SolutionConfigurationPlatforms) = preSolution
		Debug|Any CPU = Debug|Any CPU
		Release|Any CPU = Release|Any CPU
	EndGlobalSection
	GlobalSection(ProjectConfigurationPlatforms) = postSolution
		{484D5563-1ECD-447F-B883-2C054E581F87}.Debug|Any CPU.ActiveCfg = Debug|Any CPU
		{484D5563-1ECD-447F-B883-2C054E581F87}.Debug|Any CPU.Build.0 = Debug|Any CPU
		{484D5563-1ECD-447F-B883-2C054E581F87}.Release|Any CPU.ActiveCfg = Release|Any CPU
		{484D5563-1ECD-447F-B883-2C054E581F87}.Release|Any CPU.Build.0 = Release|Any CPU
		{2C822A28-1220-4288-92DC-2D0B321D87FD}.Debug|Any CPU.ActiveCfg = Debug|Any CPU
		{2C822A28-1220-4288-92DC-2D0B321D87FD}.Debug|Any CPU.Build.0 = Debug|Any CPU
		{2C822A28-1220-4288-92DC-2D0B321D87FD}.Release|Any CPU.ActiveCfg = Release|Any CPU
		{2C822A28-1220-4288-92DC-2D0B321D87FD}.Release|Any CPU.Build.0 = Release|Any CPU
	EndGlobalSection
	GlobalSection(SolutionProperties) = preSolution
		HideSolutionNode = FALSE
	EndGlobalSection
	GlobalSection(ExtensibilityGlobals) = postSolution
		SolutionGuid = {6B1AED53-3799-4221-9C03-93D748B114C0}
	EndGlobalSection
EndGlobal
